
Microsoft Visual Studio Solution File, Format Version 12.00
# Visual Studio 15
Project("{FAE04EC0-301F-11D3-BF4B-00C04F79EFBC}") = "WasmClientWebSocketTest", "WasmClientWebSocketTest.csproj", "{9B6F22BB-B0ED-4CB2-AA44-C8A4C47111D7}"
EndProject
Global
	GlobalSection(SolutionConfigurationPlatforms) = preSolution
		Debug|Any CPU = Debug|Any CPU
		Release|Any CPU = Release|Any CPU
	EndGlobalSection
	GlobalSection(ProjectConfigurationPlatforms) = postSolution
		{9B6F22BB-B0ED-4CB2-AA44-C8A4C47111D7}.Debug|Any CPU.ActiveCfg = Debug|Any CPU
		{9B6F22BB-B0ED-4CB2-AA44-C8A4C47111D7}.Debug|Any CPU.Build.0 = Debug|Any CPU
		{9B6F22BB-B0ED-4CB2-AA44-C8A4C47111D7}.Release|Any CPU.ActiveCfg = Release|Any CPU
		{9B6F22BB-B0ED-4CB2-AA44-C8A4C47111D7}.Release|Any CPU.Build.0 = Release|Any CPU
	EndGlobalSection
EndGlobal
